
Microsoft Visual Studio Solution File, Format Version 12.00
# Visual Studio Version 17
VisualStudioVersion = 17.0.31903.59
MinimumVisualStudioVersion = 10.0.40219.1
Project("{2150E333-8FDC-42A3-9474-1A3956D46DE8}") = "src", "src", "{827E0CD3-B72D-47B6-A68D-7590B98EB39B}"
EndProject
Project("{FAE04EC0-301F-11D3-BF4B-00C04F79EFBC}") = "TagEkyc.Adapters", "src\TagEkyc.Adapters\TagEkyc.Adapters.csproj", "{4D19B903-42D6-4B92-89D7-7E5043EFECED}"
EndProject
Project("{FAE04EC0-301F-11D3-BF4B-00C04F79EFBC}") = "TagEkyc.Api", "src\TagEkyc.Api\TagEkyc.Api.csproj", "{AE600D1C-A470-44A1-9F28-85C7CC50E8ED}"
EndProject
Project("{FAE04EC0-301F-11D3-BF4B-00C04F79EFBC}") = "TagEkyc.Application", "src\TagEkyc.Application\TagEkyc.Application.csproj", "{33720C6D-4D82-492F-A08D-433E855EA01A}"
EndProject
Project("{FAE04EC0-301F-11D3-BF4B-00C04F79EFBC}") = "TagEkyc.Contracts", "src\TagEkyc.Contracts\TagEkyc.Contracts.csproj", "{CA0CB8DD-9746-443A-93A9-5D0348C036D1}"
EndProject
Project("{FAE04EC0-301F-11D3-BF4B-00C04F79EFBC}") = "TagEkyc.Domain", "src\TagEkyc.Domain\TagEkyc.Domain.csproj", "{D226CE49-5CB5-4191-A77F-42129999F040}"
EndProject
Project("{FAE04EC0-301F-11D3-BF4B-00C04F79EFBC}") = "TagEkyc.Infrastructure", "src\TagEkyc.Infrastructure\TagEkyc.Infrastructure.csproj", "{75EF0D8B-D9B9-418F-BF57-561E24961D29}"
EndProject
Project("{FAE04EC0-301F-11D3-BF4B-00C04F79EFBC}") = "TagEkyc.SignFlow", "src\TagEkyc.SignFlow\TagEkyc.SignFlow.csproj", "{A914D55A-B30C-4E0A-84AC-5F73594E8533}"
EndProject
Project("{2150E333-8FDC-42A3-9474-1A3956D46DE8}") = "tests", "tests", "{0AB3BF05-4346-4AA6-1389-037BE0695223}"
EndProject
Project("{FAE04EC0-301F-11D3-BF4B-00C04F79EFBC}") = "TagEkyc.ArchTests", "tests\TagEkyc.ArchTests\TagEkyc.ArchTests.csproj", "{AF8218A3-A9B5-4DE8-8B57-C6C059388FE3}"
EndProject
Project("{FAE04EC0-301F-11D3-BF4B-00C04F79EFBC}") = "TagEkyc.ContractTests", "tests\TagEkyc.ContractTests\TagEkyc.ContractTests.csproj", "{E207C205-397A-40E4-8EE7-645823BA886F}"
EndProject
Project("{FAE04EC0-301F-11D3-BF4B-00C04F79EFBC}") = "TagEkyc.UnitTests", "tests\TagEkyc.UnitTests\TagEkyc.UnitTests.csproj", "{96D474DB-6444-4947-AA9E-B9490996A1D1}"
EndProject
Project("{FAE04EC0-301F-11D3-BF4B-00C04F79EFBC}") = "TagEkyc.IntegrationTests", "tests\TagEkyc.IntegrationTests\TagEkyc.IntegrationTests.csproj", "{D7494306-45D8-4BD8-A9B0-7C04CEB7F686}"
EndProject
Global
	GlobalSection(SolutionConfigurationPlatforms) = preSolution
		Debug|Any CPU = Debug|Any CPU
		Debug|x64 = Debug|x64
		Debug|x86 = Debug|x86
		Release|Any CPU = Release|Any CPU
		Release|x64 = Release|x64
		Release|x86 = Release|x86
	EndGlobalSection
	GlobalSection(ProjectConfigurationPlatforms) = postSolution
		{4D19B903-42D6-4B92-89D7-7E5043EFECED}.Debug|Any CPU.ActiveCfg = Debug|Any CPU
		{4D19B903-42D6-4B92-89D7-7E5043EFECED}.Debug|Any CPU.Build.0 = Debug|Any CPU
		{4D19B903-42D6-4B92-89D7-7E5043EFECED}.Debug|x64.ActiveCfg = Debug|Any CPU
		{4D19B903-42D6-4B92-89D7-7E5043EFECED}.Debug|x64.Build.0 = Debug|Any CPU
		{4D19B903-42D6-4B92-89D7-7E5043EFECED}.Debug|x86.ActiveCfg = Debug|Any CPU
		{4D19B903-42D6-4B92-89D7-7E5043EFECED}.Debug|x86.Build.0 = Debug|Any CPU
		{4D19B903-42D6-4B92-89D7-7E5043EFECED}.Release|Any CPU.ActiveCfg = Release|Any CPU
		{4D19B903-42D6-4B92-89D7-7E5043EFECED}.Release|Any CPU.Build.0 = Release|Any CPU
		{4D19B903-42D6-4B92-89D7-7E5043EFECED}.Release|x64.ActiveCfg = Release|Any CPU
		{4D19B903-42D6-4B92-89D7-7E5043EFECED}.Release|x64.Build.0 = Release|Any CPU
		{4D19B903-42D6-4B92-89D7-7E5043EFECED}.Release|x86.ActiveCfg = Release|Any CPU
		{4D19B903-42D6-4B92-89D7-7E5043EFECED}.Release|x86.Build.0 = Release|Any CPU
		{AE600D1C-A470-44A1-9F28-85C7CC50E8ED}.Debug|Any CPU.ActiveCfg = Debug|Any CPU
		{AE600D1C-A470-44A1-9F28-85C7CC50E8ED}.Debug|Any CPU.Build.0 = Debug|Any CPU
		{AE600D1C-A470-44A1-9F28-85C7CC50E8ED}.Debug|x64.ActiveCfg = Debug|Any CPU
		{AE600D1C-A470-44A1-9F28-85C7CC50E8ED}.Debug|x64.Build.0 = Debug|Any CPU
		{AE600D1C-A470-44A1-9F28-85C7CC50E8ED}.Debug|x86.ActiveCfg = Debug|Any CPU
		{AE600D1C-A470-44A1-9F28-85C7CC50E8ED}.Debug|x86.Build.0 = Debug|Any CPU
		{AE600D1C-A470-44A1-9F28-85C7CC50E8ED}.Release|Any CPU.ActiveCfg = Release|Any CPU
		{AE600D1C-A470-44A1-9F28-85C7CC50E8ED}.Release|Any CPU.Build.0 = Release|Any CPU
		{AE600D1C-A470-44A1-9F28-85C7CC50E8ED}.Release|x64.ActiveCfg = Release|Any CPU
		{AE600D1C-A470-44A1-9F28-85C7CC50E8ED}.Release|x64.Build.0 = Release|Any CPU
		{AE600D1C-A470-44A1-9F28-85C7CC50E8ED}.Release|x86.ActiveCfg = Release|Any CPU
		{AE600D1C-A470-44A1-9F28-85C7CC50E8ED}.Release|x86.Build.0 = Release|Any CPU
		{33720C6D-4D82-492F-A08D-433E855EA01A}.Debug|Any CPU.ActiveCfg = Debug|Any CPU
		{33720C6D-4D82-492F-A08D-433E855EA01A}.Debug|Any CPU.Build.0 = Debug|Any CPU
		{33720C6D-4D82-492F-A08D-433E855EA01A}.Debug|x64.ActiveCfg = Debug|Any CPU
		{33720C6D-4D82-492F-A08D-433E855EA01A}.Debug|x64.Build.0 = Debug|Any CPU
		{33720C6D-4D82-492F-A08D-433E855EA01A}.Debug|x86.ActiveCfg = Debug|Any CPU
		{33720C6D-4D82-492F-A08D-433E855EA01A}.Debug|x86.Build.0 = Debug|Any CPU
		{33720C6D-4D82-492F-A08D-433E855EA01A}.Release|Any CPU.ActiveCfg = Release|Any CPU
		{33720C6D-4D82-492F-A08D-433E855EA01A}.Release|Any CPU.Build.0 = Release|Any CPU
		{33720C6D-4D82-492F-A08D-433E855EA01A}.Release|x64.ActiveCfg = Release|Any CPU
		{33720C6D-4D82-492F-A08D-433E855EA01A}.Release|x64.Build.0 = Release|Any CPU
		{33720C6D-4D82-492F-A08D-433E855EA01A}.Release|x86.ActiveCfg = Release|Any CPU
		{33720C6D-4D82-492F-A08D-433E855EA01A}.Release|x86.Build.0 = Release|Any CPU
		{CA0CB8DD-9746-443A-93A9-5D0348C036D1}.Debug|Any CPU.ActiveCfg = Debug|Any CPU
		{CA0CB8DD-9746-443A-93A9-5D0348C036D1}.Debug|Any CPU.Build.0 = Debug|Any CPU
		{CA0CB8DD-9746-443A-93A9-5D0348C036D1}.Debug|x64.ActiveCfg = Debug|Any CPU
		{CA0CB8DD-9746-443A-93A9-5D0348C036D1}.Debug|x64.Build.0 = Debug|Any CPU
		{CA0CB8DD-9746-443A-93A9-5D0348C036D1}.Debug|x86.ActiveCfg = Debug|Any CPU
		{CA0CB8DD-9746-443A-93A9-5D0348C036D1}.Debug|x86.Build.0 = Debug|Any CPU
		{CA0CB8DD-9746-443A-93A9-5D0348C036D1}.Release|Any CPU.ActiveCfg = Release|Any CPU
		{CA0CB8DD-9746-443A-93A9-5D0348C036D1}.Release|Any CPU.Build.0 = Release|Any CPU
		{CA0CB8DD-9746-443A-93A9-5D0348C036D1}.Release|x64.ActiveCfg = Release|Any CPU
		{CA0CB8DD-9746-443A-93A9-5D0348C036D1}.Release|x64.Build.0 = Release|Any CPU
		{CA0CB8DD-9746-443A-93A9-5D0348C036D1}.Release|x86.ActiveCfg = Release|Any CPU
		{CA0CB8DD-9746-443A-93A9-5D0348C036D1}.Release|x86.Build.0 = Release|Any CPU
		{D226CE49-5CB5-4191-A77F-42129999F040}.Debug|Any CPU.ActiveCfg = Debug|Any CPU
		{D226CE49-5CB5-4191-A77F-42129999F040}.Debug|Any CPU.Build.0 = Debug|Any CPU
		{D226CE49-5CB5-4191-A77F-42129999F040}.Debug|x64.ActiveCfg = Debug|Any CPU
		{D226CE49-5CB5-4191-A77F-42129999F040}.Debug|x64.Build.0 = Debug|Any CPU
		{D226CE49-5CB5-4191-A77F-42129999F040}.Debug|x86.ActiveCfg = Debug|Any CPU
		{D226CE49-5CB5-4191-A77F-42129999F040}.Debug|x86.Build.0 = Debug|Any CPU
		{D226CE49-5CB5-4191-A77F-42129999F040}.Release|Any CPU.ActiveCfg = Release|Any CPU
		{D226CE49-5CB5-4191-A77F-42129999F040}.Release|Any CPU.Build.0 = Release|Any CPU
		{D226CE49-5CB5-4191-A77F-42129999F040}.Release|x64.ActiveCfg = Release|Any CPU
		{D226CE49-5CB5-4191-A77F-42129999F040}.Release|x64.Build.0 = Release|Any CPU
		{D226CE49-5CB5-4191-A77F-42129999F040}.Release|x86.ActiveCfg = Release|Any CPU
		{D226CE49-5CB5-4191-A77F-42129999F040}.Release|x86.Build.0 = Release|Any CPU
		{75EF0D8B-D9B9-418F-BF57-561E24961D29}.Debug|Any CPU.ActiveCfg = Debug|Any CPU
		{75EF0D8B-D9B9-418F-BF57-561E24961D29}.Debug|Any CPU.Build.0 = Debug|Any CPU
		{75EF0D8B-D9B9-418F-BF57-561E24961D29}.Debug|x64.ActiveCfg = Debug|Any CPU
		{75EF0D8B-D9B9-418F-BF57-561E24961D29}.Debug|x64.Build.0 = Debug|Any CPU
		{75EF0D8B-D9B9-418F-BF57-561E24961D29}.Debug|x86.ActiveCfg = Debug|Any CPU
		{75EF0D8B-D9B9-418F-BF57-561E24961D29}.Debug|x86.Build.0 = Debug|Any CPU
		{75EF0D8B-D9B9-418F-BF57-561E24961D29}.Release|Any CPU.ActiveCfg = Release|Any CPU
		{75EF0D8B-D9B9-418F-BF57-561E24961D29}.Release|Any CPU.Build.0 = Release|Any CPU
		{75EF0D8B-D9B9-418F-BF57-561E24961D29}.Release|x64.ActiveCfg = Release|Any CPU
		{75EF0D8B-D9B9-418F-BF57-561E24961D29}.Release|x64.Build.0 = Release|Any CPU
		{75EF0D8B-D9B9-418F-BF57-561E24961D29}.Release|x86.ActiveCfg = Release|Any CPU
		{75EF0D8B-D9B9-418F-BF57-561E24961D29}.Release|x86.Build.0 = Release|Any CPU
		{A914D55A-B30C-4E0A-84AC-5F73594E8533}.Debug|Any CPU.ActiveCfg = Debug|Any CPU
		{A914D55A-B30C-4E0A-84AC-5F73594E8533}.Debug|Any CPU.Build.0 = Debug|Any CPU
		{A914D55A-B30C-4E0A-84AC-5F73594E8533}.Debug|x64.ActiveCfg = Debug|Any CPU
		{A914D55A-B30C-4E0A-84AC-5F73594E8533}.Debug|x64.Build.0 = Debug|Any CPU
		{A914D55A-B30C-4E0A-84AC-5F73594E8533}.Debug|x86.ActiveCfg = Debug|Any CPU
		{A914D55A-B30C-4E0A-84AC-5F73594E8533}.Debug|x86.Build.0 = Debug|Any CPU
		{A914D55A-B30C-4E0A-84AC-5F73594E8533}.Release|Any CPU.ActiveCfg = Release|Any CPU
		{A914D55A-B30C-4E0A-84AC-5F73594E8533}.Release|Any CPU.Build.0 = Release|Any CPU
		{A914D55A-B30C-4E0A-84AC-5F73594E8533}.Release|x64.ActiveCfg = Release|Any CPU
		{A914D55A-B30C-4E0A-84AC-5F73594E8533}.Release|x64.Build.0 = Release|Any CPU
		{A914D55A-B30C-4E0A-84AC-5F73594E8533}.Release|x86.ActiveCfg = Release|Any CPU
		{A914D55A-B30C-4E0A-84AC-5F73594E8533}.Release|x86.Build.0 = Release|Any CPU
		{AF8218A3-A9B5-4DE8-8B57-C6C059388FE3}.Debug|Any CPU.ActiveCfg = Debug|Any CPU
		{AF8218A3-A9B5-4DE8-8B57-C6C059388FE3}.Debug|Any CPU.Build.0 = Debug|Any CPU
		{AF8218A3-A9B5-4DE8-8B57-C6C059388FE3}.Debug|x64.ActiveCfg = Debug|Any CPU
		{AF8218A3-A9B5-4DE8-8B57-C6C059388FE3}.Debug|x64.Build.0 = Debug|Any CPU
		{AF8218A3-A9B5-4DE8-8B57-C6C059388FE3}.Debug|x86.ActiveCfg = Debug|Any CPU
		{AF8218A3-A9B5-4DE8-8B57-C6C059388FE3}.Debug|x86.Build.0 = Debug|Any CPU
		{AF8218A3-A9B5-4DE8-8B57-C6C059388FE3}.Release|Any CPU.ActiveCfg = Release|Any CPU
		{AF8218A3-A9B5-4DE8-8B57-C6C059388FE3}.Release|Any CPU.Build.0 = Release|Any CPU
		{AF8218A3-A9B5-4DE8-8B57-C6C059388FE3}.Release|x64.ActiveCfg = Release|Any CPU
		{AF8218A3-A9B5-4DE8-8B57-C6C059388FE3}.Release|x64.Build.0 = Release|Any CPU
		{AF8218A3-A9B5-4DE8-8B57-C6C059388FE3}.Release|x86.ActiveCfg = Release|Any CPU
		{AF8218A3-A9B5-4DE8-8B57-C6C059388FE3}.Release|x86.Build.0 = Release|Any CPU
		{E207C205-397A-40E4-8EE7-645823BA886F}.Debug|Any CPU.ActiveCfg = Debug|Any CPU
		{E207C205-397A-40E4-8EE7-645823BA886F}.Debug|Any CPU.Build.0 = Debug|Any CPU
		{E207C205-397A-40E4-8EE7-645823BA886F}.Debug|x64.ActiveCfg = Debug|Any CPU
		{E207C205-397A-40E4-8EE7-645823BA886F}.Debug|x64.Build.0 = Debug|Any CPU
		{E207C205-397A-40E4-8EE7-645823BA886F}.Debug|x86.ActiveCfg = Debug|Any CPU
		{E207C205-397A-40E4-8EE7-645823BA886F}.Debug|x86.Build.0 = Debug|Any CPU
		{E207C205-397A-40E4-8EE7-645823BA886F}.Release|Any CPU.ActiveCfg = Release|Any CPU
		{E207C205-397A-40E4-8EE7-645823BA886F}.Release|Any CPU.Build.0 = Release|Any CPU
		{E207C205-397A-40E4-8EE7-645823BA886F}.Release|x64.ActiveCfg = Release|Any CPU
		{E207C205-397A-40E4-8EE7-645823BA886F}.Release|x64.Build.0 = Release|Any CPU
		{E207C205-397A-40E4-8EE7-645823BA886F}.Release|x86.ActiveCfg = Release|Any CPU
		{E207C205-397A-40E4-8EE7-645823BA886F}.Release|x86.Build.0 = Release|Any CPU
		{96D474DB-6444-4947-AA9E-B9490996A1D1}.Debug|Any CPU.ActiveCfg = Debug|Any CPU
		{96D474DB-6444-4947-AA9E-B9490996A1D1}.Debug|Any CPU.Build.0 = Debug|Any CPU
		{96D474DB-6444-4947-AA9E-B9490996A1D1}.Debug|x64.ActiveCfg = Debug|Any CPU
		{96D474DB-6444-4947-AA9E-B9490996A1D1}.Debug|x64.Build.0 = Debug|Any CPU
		{96D474DB-6444-4947-AA9E-B9490996A1D1}.Debug|x86.ActiveCfg = Debug|Any CPU
		{96D474DB-6444-4947-AA9E-B9490996A1D1}.Debug|x86.Build.0 = Debug|Any CPU
		{96D474DB-6444-4947-AA9E-B9490996A1D1}.Release|Any CPU.ActiveCfg = Release|Any CPU
		{96D474DB-6444-4947-AA9E-B9490996A1D1}.Release|Any CPU.Build.0 = Release|Any CPU
		{96D474DB-6444-4947-AA9E-B9490996A1D1}.Release|x64.ActiveCfg = Release|Any CPU
		{96D474DB-6444-4947-AA9E-B9490996A1D1}.Release|x64.Build.0 = Release|Any CPU
		{96D474DB-6444-4947-AA9E-B9490996A1D1}.Release|x86.ActiveCfg = Release|Any CPU
		{96D474DB-6444-4947-AA9E-B9490996A1D1}.Release|x86.Build.0 = Release|Any CPU
		{D7494306-45D8-4BD8-A9B0-7C04CEB7F686}.Debug|Any CPU.ActiveCfg = Debug|Any CPU
		{D7494306-45D8-4BD8-A9B0-7C04CEB7F686}.Debug|Any CPU.Build.0 = Debug|Any CPU
		{D7494306-45D8-4BD8-A9B0-7C04CEB7F686}.Debug|x64.ActiveCfg = Debug|Any CPU
		{D7494306-45D8-4BD8-A9B0-7C04CEB7F686}.Debug|x64.Build.0 = Debug|Any CPU
		{D7494306-45D8-4BD8-A9B0-7C04CEB7F686}.Debug|x86.ActiveCfg = Debug|Any CPU
		{D7494306-45D8-4BD8-A9B0-7C04CEB7F686}.Debug|x86.Build.0 = Debug|Any CPU
		{D7494306-45D8-4BD8-A9B0-7C04CEB7F686}.Release|Any CPU.ActiveCfg = Release|Any CPU
		{D7494306-45D8-4BD8-A9B0-7C04CEB7F686}.Release|Any CPU.Build.0 = Release|Any CPU
		{D7494306-45D8-4BD8-A9B0-7C04CEB7F686}.Release|x64.ActiveCfg = Release|Any CPU
		{D7494306-45D8-4BD8-A9B0-7C04CEB7F686}.Release|x64.Build.0 = Release|Any CPU
		{D7494306-45D8-4BD8-A9B0-7C04CEB7F686}.Release|x86.ActiveCfg = Release|Any CPU
		{D7494306-45D8-4BD8-A9B0-7C04CEB7F686}.Release|x86.Build.0 = Release|Any CPU
	EndGlobalSection
	GlobalSection(SolutionProperties) = preSolution
		HideSolutionNode = FALSE
	EndGlobalSection
	GlobalSection(NestedProjects) = preSolution
		{4D19B903-42D6-4B92-89D7-7E5043EFECED} = {827E0CD3-B72D-47B6-A68D-7590B98EB39B}
		{AE600D1C-A470-44A1-9F28-85C7CC50E8ED} = {827E0CD3-B72D-47B6-A68D-7590B98EB39B}
		{33720C6D-4D82-492F-A08D-433E855EA01A} = {827E0CD3-B72D-47B6-A68D-7590B98EB39B}
		{CA0CB8DD-9746-443A-93A9-5D0348C036D1} = {827E0CD3-B72D-47B6-A68D-7590B98EB39B}
		{D226CE49-5CB5-4191-A77F-42129999F040} = {827E0CD3-B72D-47B6-A68D-7590B98EB39B}
		{75EF0D8B-D9B9-418F-BF57-561E24961D29} = {827E0CD3-B72D-47B6-A68D-7590B98EB39B}
		{A914D55A-B30C-4E0A-84AC-5F73594E8533} = {827E0CD3-B72D-47B6-A68D-7590B98EB39B}
		{AF8218A3-A9B5-4DE8-8B57-C6C059388FE3} = {0AB3BF05-4346-4AA6-1389-037BE0695223}
		{E207C205-397A-40E4-8EE7-645823BA886F} = {0AB3BF05-4346-4AA6-1389-037BE0695223}
		{96D474DB-6444-4947-AA9E-B9490996A1D1} = {0AB3BF05-4346-4AA6-1389-037BE0695223}
		{D7494306-45D8-4BD8-A9B0-7C04CEB7F686} = {0AB3BF05-4346-4AA6-1389-037BE0695223}
	EndGlobalSection
EndGlobal
